// !$*UTF8*$!
{
	archiveVersion = 1;
	classes = {
	};
	objectVersion = 55;
	objects = {

/* Begin PBXBuildFile section */
		ECAEF07328C20C94004DBD87 /* AppDelegate.swift in Sources */ = {isa = PBXBuildFile; fileRef = ECAEF07228C20C94004DBD87 /* AppDelegate.swift */; };
		ECAEF07528C20C94004DBD87 /* SceneDelegate.swift in Sources */ = {isa = PBXBuildFile; fileRef = ECAEF07428C20C94004DBD87 /* SceneDelegate.swift */; };
		ECAEF07728C20C94004DBD87 /* TabBarController.swift in Sources */ = {isa = PBXBuildFile; fileRef = ECAEF07628C20C94004DBD87 /* TabBarController.swift */; };
		ECAEF07C28C20C95004DBD87 /* Assets.xcassets in Resources */ = {isa = PBXBuildFile; fileRef = ECAEF07B28C20C95004DBD87 /* Assets.xcassets */; };
		ECAEF08E28C22288004DBD87 /* MediaLibraryViewController.swift in Sources */ = {isa = PBXBuildFile; fileRef = ECAEF08D28C22288004DBD87 /* MediaLibraryViewController.swift */; };
		ECAEF09028C22295004DBD87 /* ForYouViewController.swift in Sources */ = {isa = PBXBuildFile; fileRef = ECAEF08F28C22295004DBD87 /* ForYouViewController.swift */; };
		ECAEF09228C222A1004DBD87 /* AlbumsViewController.swift in Sources */ = {isa = PBXBuildFile; fileRef = ECAEF09128C222A1004DBD87 /* AlbumsViewController.swift */; };
		ECAEF09428C222AC004DBD87 /* SearchViewController.swift in Sources */ = {isa = PBXBuildFile; fileRef = ECAEF09328C222AC004DBD87 /* SearchViewController.swift */; };
		ECAEF09628C22A54004DBD87 /* ExtensionsAlbumsViewController.swift in Sources */ = {isa = PBXBuildFile; fileRef = ECAEF09528C22A54004DBD87 /* ExtensionsAlbumsViewController.swift */; };
		ECAEF09828C235E6004DBD87 /* ModelAlboms.swift in Sources */ = {isa = PBXBuildFile; fileRef = ECAEF09728C235E6004DBD87 /* ModelAlboms.swift */; };
		ECAEF09B28C2561A004DBD87 /* CellThree.swift in Sources */ = {isa = PBXBuildFile; fileRef = ECAEF09A28C2561A004DBD87 /* CellThree.swift */; };
		ECAEF09D28C25628004DBD87 /* CellSecond.swift in Sources */ = {isa = PBXBuildFile; fileRef = ECAEF09C28C25628004DBD87 /* CellSecond.swift */; };
		ECAEF09F28C2563B004DBD87 /* CellFirst.swift in Sources */ = {isa = PBXBuildFile; fileRef = ECAEF09E28C2563B004DBD87 /* CellFirst.swift */; };
		ECB4D15328C36BFD00AFD508 /* CellFour.swift in Sources */ = {isa = PBXBuildFile; fileRef = ECB4D15228C36BFD00AFD508 /* CellFour.swift */; };
		ECC46C4D28C40E5500D7BD89 /* CellHeader.swift in Sources */ = {isa = PBXBuildFile; fileRef = ECC46C4C28C40E5500D7BD89 /* CellHeader.swift */; };
/* End PBXBuildFile section */

/* Begin PBXFileReference section */
		ECAEF06F28C20C94004DBD87 /* AlbomsFromThePhotosApp.app */ = {isa = PBXFileReference; explicitFileType = wrapper.application; includeInIndex = 0; path = AlbomsFromThePhotosApp.app; sourceTree = BUILT_PRODUCTS_DIR; };
		ECAEF07228C20C94004DBD87 /* AppDelegate.swift */ = {isa = PBXFileReference; lastKnownFileType = sourcecode.swift; path = AppDelegate.swift; sourceTree = "<group>"; };
		ECAEF07428C20C94004DBD87 /* SceneDelegate.swift */ = {isa = PBXFileReference; lastKnownFileType = sourcecode.swift; path = SceneDelegate.swift; sourceTree = "<group>"; };
		ECAEF07628C20C94004DBD87 /* TabBarController.swift */ = {isa = PBXFileReference; lastKnownFileType = sourcecode.swift; path = TabBarController.swift; sourceTree = "<group>"; };
		ECAEF07B28C20C95004DBD87 /* Assets.xcassets */ = {isa = PBXFileReference; lastKnownFileType = folder.assetcatalog; path = Assets.xcassets; sourceTree = "<group>"; };
		ECAEF08028C20C95004DBD87 /* Info.plist */ = {isa = PBXFileReference; lastKnownFileType = text.plist.xml; path = Info.plist; sourceTree = "<group>"; };
		ECAEF08D28C22288004DBD87 /* MediaLibraryViewController.swift */ = {isa = PBXFileReference; lastKnownFileType = sourcecode.swift; path = MediaLibraryViewController.swift; sourceTree = "<group>"; };
		ECAEF08F28C22295004DBD87 /* ForYouViewController.swift */ = {isa = PBXFileReference; lastKnownFileType = sourcecode.swift; path = ForYouViewController.swift; sourceTree = "<group>"; };
		ECAEF09128C222A1004DBD87 /* AlbumsViewController.swift */ = {isa = PBXFileReference; lastKnownFileType = sourcecode.swift; path = AlbumsViewController.swift; sourceTree = "<group>"; };
		ECAEF09328C222AC004DBD87 /* SearchViewController.swift */ = {isa = PBXFileReference; lastKnownFileType = sourcecode.swift; path = SearchViewController.swift; sourceTree = "<group>"; };
		ECAEF09528C22A54004DBD87 /* ExtensionsAlbumsViewController.swift */ = {isa = PBXFileReference; lastKnownFileType = sourcecode.swift; path = ExtensionsAlbumsViewController.swift; sourceTree = "<group>"; };
		ECAEF09728C235E6004DBD87 /* ModelAlboms.swift */ = {isa = PBXFileReference; lastKnownFileType = sourcecode.swift; path = ModelAlboms.swift; sourceTree = "<group>"; };
		ECAEF09A28C2561A004DBD87 /* CellThree.swift */ = {isa = PBXFileReference; lastKnownFileType = sourcecode.swift; path = CellThree.swift; sourceTree = "<group>"; };
		ECAEF09C28C25628004DBD87 /* CellSecond.swift */ = {isa = PBXFileReference; lastKnownFileType = sourcecode.swift; path = CellSecond.swift; sourceTree = "<group>"; };
		ECAEF09E28C2563B004DBD87 /* CellFirst.swift */ = {isa = PBXFileReference; lastKnownFileType = sourcecode.swift; path = CellFirst.swift; sourceTree = "<group>"; };
		ECB4D15228C36BFD00AFD508 /* CellFour.swift */ = {isa = PBXFileReference; lastKnownFileType = sourcecode.swift; path = CellFour.swift; sourceTree = "<group>"; };
		ECC46C4C28C40E5500D7BD89 /* CellHeader.swift */ = {isa = PBXFileReference; lastKnownFileType = sourcecode.swift; path = CellHeader.swift; sourceTree = "<group>"; };
/* End PBXFileReference section */

/* Begin PBXFrameworksBuildPhase section */
		ECAEF06C28C20C94004DBD87 /* Frameworks */ = {
			isa = PBXFrameworksBuildPhase;
			buildActionMask = 2147483647;
			files = (
			);
			runOnlyForDeploymentPostprocessing = 0;
		};
/* End PBXFrameworksBuildPhase section */

/* Begin PBXGroup section */
		ECAEF06628C20C94004DBD87 = {
			isa = PBXGroup;
			children = (
				ECAEF07128C20C94004DBD87 /* AlbomsFromThePhotosApp */,
				ECAEF07028C20C94004DBD87 /* Products */,
			);
			sourceTree = "<group>";
		};
		ECAEF07028C20C94004DBD87 /* Products */ = {
			isa = PBXGroup;
			children = (
				ECAEF06F28C20C94004DBD87 /* AlbomsFromThePhotosApp.app */,
			);
			name = Products;
			sourceTree = "<group>";
		};
		ECAEF07128C20C94004DBD87 /* AlbomsFromThePhotosApp */ = {
			isa = PBXGroup;
			children = (
				ECAEF08C28C20E52004DBD87 /* Resources */,
				ECAEF08A28C20E4E004DBD87 /* Sources */,
			);
			path = AlbomsFromThePhotosApp;
			sourceTree = "<group>";
		};
		ECAEF08628C20E45004DBD87 /* App */ = {
			isa = PBXGroup;
			children = (
				ECAEF07228C20C94004DBD87 /* AppDelegate.swift */,
				ECAEF07428C20C94004DBD87 /* SceneDelegate.swift */,
			);
			path = App;
			sourceTree = "<group>";
		};
		ECAEF08828C20E4A004DBD87 /* Model */ = {
			isa = PBXGroup;
			children = (
				ECAEF09728C235E6004DBD87 /* ModelAlboms.swift */,
			);
			path = Model;
			sourceTree = "<group>";
		};
		ECAEF08A28C20E4E004DBD87 /* Sources */ = {
			isa = PBXGroup;
			children = (
				ECAEF09928C255FF004DBD87 /* Cell */,
				ECAEF08828C20E4A004DBD87 /* Model */,
				ECC46C4B28C3F1C200D7BD89 /* TabBar */,
			);
			path = Sources;
			sourceTree = "<group>";
		};
		ECAEF08B28C20E50004DBD87 /* Configuration */ = {
			isa = PBXGroup;
			children = (
				ECAEF08028C20C95004DBD87 /* Info.plist */,
			);
			path = Configuration;
			sourceTree = "<group>";
		};
		ECAEF08C28C20E52004DBD87 /* Resources */ = {
			isa = PBXGroup;
			children = (
				ECAEF07B28C20C95004DBD87 /* Assets.xcassets */,
				ECAEF08628C20E45004DBD87 /* App */,
				ECAEF08B28C20E50004DBD87 /* Configuration */,
			);
			path = Resources;
			sourceTree = "<group>";
		};
		ECAEF09928C255FF004DBD87 /* Cell */ = {
			isa = PBXGroup;
			children = (
				ECB4D15228C36BFD00AFD508 /* CellFour.swift */,
				ECAEF09A28C2561A004DBD87 /* CellThree.swift */,
				ECAEF09C28C25628004DBD87 /* CellSecond.swift */,
				ECAEF09E28C2563B004DBD87 /* CellFirst.swift */,
				ECC46C4C28C40E5500D7BD89 /* CellHeader.swift */,
			);
			path = Cell;
			sourceTree = "<group>";
		};
		ECBA7F7828C77C5100C4F180 /* ViewControllers */ = {
			isa = PBXGroup;
			children = (
				ECAEF08D28C22288004DBD87 /* MediaLibraryViewController.swift */,
				ECAEF08F28C22295004DBD87 /* ForYouViewController.swift */,
				ECAEF09128C222A1004DBD87 /* AlbumsViewController.swift */,
				ECAEF09528C22A54004DBD87 /* ExtensionsAlbumsViewController.swift */,
				ECAEF09328C222AC004DBD87 /* SearchViewController.swift */,
			);
			path = ViewControllers;
			sourceTree = "<group>";
		};
		ECC46C4B28C3F1C200D7BD89 /* TabBar */ = {
			isa = PBXGroup;
			children = (
				ECAEF07628C20C94004DBD87 /* TabBarController.swift */,
				ECBA7F7828C77C5100C4F180 /* ViewControllers */,
			);
			path = TabBar;
			sourceTree = "<group>";
		};
/* End PBXGroup section */

/* Begin PBXNativeTarget section */
		ECAEF06E28C20C94004DBD87 /* AlbomsFromThePhotosApp */ = {
			isa = PBXNativeTarget;
			buildConfigurationList = ECAEF08328C20C95004DBD87 /* Build configuration list for PBXNativeTarget "AlbomsFromThePhotosApp" */;
			buildPhases = (
				ECAEF06B28C20C94004DBD87 /* Sources */,
				ECAEF06C28C20C94004DBD87 /* Frameworks */,
				ECAEF06D28C20C94004DBD87 /* Resources */,
			);
			buildRules = (
			);
			dependencies = (
			);
			name = AlbomsFromThePhotosApp;
			productName = AlbomsFromThePhotosApp;
			productReference = ECAEF06F28C20C94004DBD87 /* AlbomsFromThePhotosApp.app */;
			productType = "com.apple.product-type.application";
		};
/* End PBXNativeTarget section */

/* Begin PBXProject section */
		ECAEF06728C20C94004DBD87 /* Project object */ = {
			isa = PBXProject;
			attributes = {
				BuildIndependentTargetsInParallel = 1;
				LastSwiftUpdateCheck = 1340;
				LastUpgradeCheck = 1340;
				TargetAttributes = {
					ECAEF06E28C20C94004DBD87 = {
						CreatedOnToolsVersion = 13.4.1;
					};
				};
			};
			buildConfigurationList = ECAEF06A28C20C94004DBD87 /* Build configuration list for PBXProject "AlbomsFromThePhotosApp" */;
			compatibilityVersion = "Xcode 13.0";
			developmentRegion = en;
			hasScannedForEncodings = 0;
			knownRegions = (
				en,
				Base,
			);
			mainGroup = ECAEF06628C20C94004DBD87;
			productRefGroup = ECAEF07028C20C94004DBD87 /* Products */;
			projectDirPath = "";
			projectRoot = "";
			targets = (
				ECAEF06E28C20C94004DBD87 /* AlbomsFromThePhotosApp */,
			);
		};
/* End PBXProject section */

/* Begin PBXResourcesBuildPhase section */
		ECAEF06D28C20C94004DBD87 /* Resources */ = {
			isa = PBXResourcesBuildPhase;
			buildActionMask = 2147483647;
			files = (
				ECAEF07C28C20C95004DBD87 /* Assets.xcassets in Resources */,
			);
			runOnlyForDeploymentPostprocessing = 0;
		};
/* End PBXResourcesBuildPhase section */

/* Begin PBXSourcesBuildPhase section */
		ECAEF06B28C20C94004DBD87 /* Sources */ = {
			isa = PBXSourcesBuildPhase;
			buildActionMask = 2147483647;
			files = (
				ECAEF09828C235E6004DBD87 /* ModelAlboms.swift in Sources */,
				ECAEF07728C20C94004DBD87 /* TabBarController.swift in Sources */,
				ECAEF09428C222AC004DBD87 /* SearchViewController.swift in Sources */,
				ECAEF09228C222A1004DBD87 /* AlbumsViewController.swift in Sources */,
				ECC46C4D28C40E5500D7BD89 /* CellHeader.swift in Sources */,
				ECAEF09B28C2561A004DBD87 /* CellThree.swift in Sources */,
				ECAEF09D28C25628004DBD87 /* CellSecond.swift in Sources */,
				ECAEF09F28C2563B004DBD87 /* CellFirst.swift in Sources */,
				ECAEF09628C22A54004DBD87 /* ExtensionsAlbumsViewController.swift in Sources */,
				ECAEF07328C20C94004DBD87 /* AppDelegate.swift in Sources */,
				ECB4D15328C36BFD00AFD508 /* CellFour.swift in Sources */,
				ECAEF08E28C22288004DBD87 /* MediaLibraryViewController.swift in Sources */,
				ECAEF09028C22295004DBD87 /* ForYouViewController.swift in Sources */,
				ECAEF07528C20C94004DBD87 /* SceneDelegate.swift in Sources */,
			);
			runOnlyForDeploymentPostprocessing = 0;
		};
/* End PBXSourcesBuildPhase section */

/* Begin XCBuildConfiguration section */
		ECAEF08128C20C95004DBD87 /* Debug */ = {
			isa = XCBuildConfiguration;
			buildSettings = {
				ALWAYS_SEARCH_USER_PATHS = NO;
				CLANG_ANALYZER_NONNULL = YES;
				CLANG_ANALYZER_NUMBER_OBJECT_CONVERSION = YES_AGGRESSIVE;
				CLANG_CXX_LANGUAGE_STANDARD = "gnu++17";
				CLANG_ENABLE_MODULES = YES;
				CLANG_ENABLE_OBJC_ARC = YES;
				CLANG_ENABLE_OBJC_WEAK = YES;
				CLANG_WARN_BLOCK_CAPTURE_AUTORELEASING = YES;
				CLANG_WARN_BOOL_CONVERSION = YES;
				CLANG_WARN_COMMA = YES;
				CLANG_WARN_CONSTANT_CONVERSION = YES;
				CLANG_WARN_DEPRECATED_OBJC_IMPLEMENTATIONS = YES;
				CLANG_WARN_DIRECT_OBJC_ISA_USAGE = YES_ERROR;
				CLANG_WARN_DOCUMENTATION_COMMENTS = YES;
				CLANG_WARN_EMPTY_BODY = YES;
				CLANG_WARN_ENUM_CONVERSION = YES;
				CLANG_WARN_INFINITE_RECURSION = YES;
				CLANG_WARN_INT_CONVERSION = YES;
				CLANG_WARN_NON_LITERAL_NULL_CONVERSION = YES;
				CLANG_WARN_OBJC_IMPLICIT_RETAIN_SELF = YES;
				CLANG_WARN_OBJC_LITERAL_CONVERSION = YES;
				CLANG_WARN_OBJC_ROOT_CLASS = YES_ERROR;
				CLANG_WARN_QUOTED_INCLUDE_IN_FRAMEWORK_HEADER = YES;
				CLANG_WARN_RANGE_LOOP_ANALYSIS = YES;
				CLANG_WARN_STRICT_PROTOTYPES = YES;
				CLANG_WARN_SUSPICIOUS_MOVE = YES;
				CLANG_WARN_UNGUARDED_AVAILABILITY = YES_AGGRESSIVE;
				CLANG_WARN_UNREACHABLE_CODE = YES;
				CLANG_WARN__DUPLICATE_METHOD_MATCH = YES;
				COPY_PHASE_STRIP = NO;
				DEBUG_INFORMATION_FORMAT = dwarf;
				ENABLE_STRICT_OBJC_MSGSEND = YES;
				ENABLE_TESTABILITY = YES;
				GCC_C_LANGUAGE_STANDARD = gnu11;
				GCC_DYNAMIC_NO_PIC = NO;
				GCC_NO_COMMON_BLOCKS = YES;
				GCC_OPTIMIZATION_LEVEL = 0;
				GCC_PREPROCESSOR_DEFINITIONS = (
					"DEBUG=1",
					"$(inherited)",
				);
				GCC_WARN_64_TO_32_BIT_CONVERSION = YES;
				GCC_WARN_ABOUT_RETURN_TYPE = YES_ERROR;
				GCC_WARN_UNDECLARED_SELECTOR = YES;
				GCC_WARN_UNINITIALIZED_AUTOS = YES_AGGRESSIVE;
				GCC_WARN_UNUSED_FUNCTION = YES;
				GCC_WARN_UNUSED_VARIABLE = YES;
				IPHONEOS_DEPLOYMENT_TARGET = 15.4;
				MTL_ENABLE_DEBUG_INFO = INCLUDE_SOURCE;
				MTL_FAST_MATH = YES;
				ONLY_ACTIVE_ARCH = YES;
				SDKROOT = iphoneos;
				SWIFT_ACTIVE_COMPILATION_CONDITIONS = DEBUG;
				SWIFT_OPTIMIZATION_LEVEL = "-Onone";
			};
			name = Debug;
		};
		ECAEF08228C20C95004DBD87 /* Release */ = {
			isa = XCBuildConfiguration;
			buildSettings = {
				ALWAYS_SEARCH_USER_PATHS = NO;
				CLANG_ANALYZER_NONNULL = YES;
				CLANG_ANALYZER_NUMBER_OBJECT_CONVERSION = YES_AGGRESSIVE;
				CLANG_CXX_LANGUAGE_STANDARD = "gnu++17";
				CLANG_ENABLE_MODULES = YES;
				CLANG_ENABLE_OBJC_ARC = YES;
				CLANG_ENABLE_OBJC_WEAK = YES;
				CLANG_WARN_BLOCK_CAPTURE_AUTORELEASING = YES;
				CLANG_WARN_BOOL_CONVERSION = YES;
				CLANG_WARN_COMMA = YES;
				CLANG_WARN_CONSTANT_CONVERSION = YES;
				CLANG_WARN_DEPRECATED_OBJC_IMPLEMENTATIONS = YES;
				CLANG_WARN_DIRECT_OBJC_ISA_USAGE = YES_ERROR;
				CLANG_WARN_DOCUMENTATION_COMMENTS = YES;
				CLANG_WARN_EMPTY_BODY = YES;
				CLANG_WARN_ENUM_CONVERSION = YES;
				CLANG_WARN_INFINITE_RECURSION = YES;
				CLANG_WARN_INT_CONVERSION = YES;
				CLANG_WARN_NON_LITERAL_NULL_CONVERSION = YES;
				CLANG_WARN_OBJC_IMPLICIT_RETAIN_SELF = YES;
				CLANG_WARN_OBJC_LITERAL_CONVERSION = YES;
				CLANG_WARN_OBJC_ROOT_CLASS = YES_ERROR;
				CLANG_WARN_QUOTED_INCLUDE_IN_FRAMEWORK_HEADER = YES;
				CLANG_WARN_RANGE_LOOP_ANALYSIS = YES;
				CLANG_WARN_STRICT_PROTOTYPES = YES;
				CLANG_WARN_SUSPICIOUS_MOVE = YES;
				CLANG_WARN_UNGUARDED_AVAILABILITY = YES_AGGRESSIVE;
				CLANG_WARN_UNREACHABLE_CODE = YES;
				CLANG_WARN__DUPLICATE_METHOD_MATCH = YES;
				COPY_PHASE_STRIP = NO;
				DEBUG_INFORMATION_FORMAT = "dwarf-with-dsym";
				ENABLE_NS_ASSERTIONS = NO;
				ENABLE_STRICT_OBJC_MSGSEND = YES;
				GCC_C_LANGUAGE_STANDARD = gnu11;
				GCC_NO_COMMON_BLOCKS = YES;
				GCC_WARN_64_TO_32_BIT_CONVERSION = YES;
				GCC_WARN_ABOUT_RETURN_TYPE = YES_ERROR;
				GCC_WARN_UNDECLARED_SELECTOR = YES;
				GCC_WARN_UNINITIALIZED_AUTOS = YES_AGGRESSIVE;
				GCC_WARN_UNUSED_FUNCTION = YES;
				GCC_WARN_UNUSED_VARIABLE = YES;
				IPHONEOS_DEPLOYMENT_TARGET = 15.4;
				MTL_ENABLE_DEBUG_INFO = NO;
				MTL_FAST_MATH = YES;
				SDKROOT = iphoneos;
				SWIFT_COMPILATION_MODE = wholemodule;
				SWIFT_OPTIMIZATION_LEVEL = "-O";
				VALIDATE_PRODUCT = YES;
			};
			name = Release;
		};
		ECAEF08428C20C95004DBD87 /* Debug */ = {
			isa = XCBuildConfiguration;
			buildSettings = {
				ASSETCATALOG_COMPILER_APPICON_NAME = AppIcon;
				ASSETCATALOG_COMPILER_GLOBAL_ACCENT_COLOR_NAME = AccentColor;
				CODE_SIGN_STYLE = Automatic;
				CURRENT_PROJECT_VERSION = 1;
				DEVELOPMENT_TEAM = 3496F3A4HL;
				GENERATE_INFOPLIST_FILE = YES;
				INFOPLIST_FILE = AlbomsFromThePhotosApp/Info.plist;
				INFOPLIST_KEY_UIApplicationSupportsIndirectInputEvents = YES;
				INFOPLIST_KEY_UILaunchStoryboardName = LaunchScreen;
				INFOPLIST_KEY_UISupportedInterfaceOrientations_iPad = "UIInterfaceOrientationPortrait UIInterfaceOrientationPortraitUpsideDown UIInterfaceOrientationLandscapeLeft UIInterfaceOrientationLandscapeRight";
				INFOPLIST_KEY_UISupportedInterfaceOrientations_iPhone = "UIInterfaceOrientationPortrait UIInterfaceOrientationLandscapeLeft UIInterfaceOrientationLandscapeRight";
				IPHONEOS_DEPLOYMENT_TARGET = 15.4;
				LD_RUNPATH_SEARCH_PATHS = (
					"$(inherited)",
					"@executable_path/Frameworks",
				);
				MARKETING_VERSION = 1.0;
				PRODUCT_BUNDLE_IDENTIFIER = com.my.AlbomsFromThePhotosApp;
				PRODUCT_NAME = "$(TARGET_NAME)";
				SWIFT_EMIT_LOC_STRINGS = YES;
				SWIFT_VERSION = 5.0;
				TARGETED_DEVICE_FAMILY = "1,2";
			};
			name = Debug;
		};
		ECAEF08528C20C95004DBD87 /* Release */ = {
			isa = XCBuildConfiguration;
			buildSettings = {
				ASSETCATALOG_COMPILER_APPICON_NAME = AppIcon;
				ASSETCATALOG_COMPILER_GLOBAL_ACCENT_COLOR_NAME = AccentColor;
				CODE_SIGN_STYLE = Automatic;
				CURRENT_PROJECT_VERSION = 1;
				DEVELOPMENT_TEAM = 3496F3A4HL;
				GENERATE_INFOPLIST_FILE = YES;
				INFOPLIST_FILE = AlbomsFromThePhotosApp/Info.plist;
				INFOPLIST_KEY_UIApplicationSupportsIndirectInputEvents = YES;
				INFOPLIST_KEY_UILaunchStoryboardName = LaunchScreen;
				INFOPLIST_KEY_UISupportedInterfaceOrientations_iPad = "UIInterfaceOrientationPortrait UIInterfaceOrientationPortraitUpsideDown UIInterfaceOrientationLandscapeLeft UIInterfaceOrientationLandscapeRight";
				INFOPLIST_KEY_UISupportedInterfaceOrientations_iPhone = "UIInterfaceOrientationPortrait UIInterfaceOrientationLandscapeLeft UIInterfaceOrientationLandscapeRight";
				IPHONEOS_DEPLOYMENT_TARGET = 15.4;
				LD_RUNPATH_SEARCH_PATHS = (
					"$(inherited)",
					"@executable_path/Frameworks",
				);
				MARKETING_VERSION = 1.0;
				PRODUCT_BUNDLE_IDENTIFIER = com.my.AlbomsFromThePhotosApp;
				PRODUCT_NAME = "$(TARGET_NAME)";
				SWIFT_EMIT_LOC_STRINGS = YES;
				SWIFT_VERSION = 5.0;
				TARGETED_DEVICE_FAMILY = "1,2";
			};
			name = Release;
		};
/* End XCBuildConfiguration section */

/* Begin XCConfigurationList section */
		ECAEF06A28C20C94004DBD87 /* Build configuration list for PBXProject "AlbomsFromThePhotosApp" */ = {
			isa = XCConfigurationList;
			buildConfigurations = (
				ECAEF08128C20C95004DBD87 /* Debug */,
				ECAEF08228C20C95004DBD87 /* Release */,
			);
			defaultConfigurationIsVisible = 0;
			defaultConfigurationName = Release;
		};
		ECAEF08328C20C95004DBD87 /* Build configuration list for PBXNativeTarget "AlbomsFromThePhotosApp" */ = {
			isa = XCConfigurationList;
			buildConfigurations = (
				ECAEF08428C20C95004DBD87 /* Debug */,
				ECAEF08528C20C95004DBD87 /* Release */,
			);
			defaultConfigurationIsVisible = 0;
			defaultConfigurationName = Release;
		};
/* End XCConfigurationList section */
	};
	rootObject = ECAEF06728C20C94004DBD87 /* Project object */;
}
